Microsoft Visual Studio Solution File, Format Version 12.00
# Visual Studio 14
VisualStudioVersion = 14.0.25420.1
MinimumVisualStudioVersion = 10.0.40219.1
Project("{F184B08F-C81C-45F6-A57F-5ABD9991F28F}") = "Browser Chooser Core", "BC_Core\Browser Chooser Core.vbproj", "{37B05362-7806-4DD0-92A4-B4681D43B32F}"
EndProject
Project("{F184B08F-C81C-45F6-A57F-5ABD9991F28F}") = "BC2_Classic_UI", "BC2_Classic_UI\BC2_Classic_UI.vbproj", "{E911F5E2-7549-42BE-8739-C6F7A2228A92}"
EndProject
Project("{F184B08F-C81C-45F6-A57F-5ABD9991F28F}") = "BC2_WPF_UI", "BC2_WPF_UI\BC2_WPF_UI.vbproj", "{9B0CE624-6ABA-4722-9D1A-F955E2824820}"
EndProject
Global
	GlobalSection(SolutionConfigurationPlatforms) = preSolution
		BuildDetectionFile|Any CPU = BuildDetectionFile|Any CPU
		BuildDetectionFile|Mixed Platforms = BuildDetectionFile|Mixed Platforms
		BuildDetectionFile|Win32 = BuildDetectionFile|Win32
		BuildDetectionFile|x64 = BuildDetectionFile|x64
		BuildDetectionFile|x86 = BuildDetectionFile|x86
		Debug Admin|Any CPU = Debug Admin|Any CPU
		Debug Admin|Mixed Platforms = Debug Admin|Mixed Platforms
		Debug Admin|Win32 = Debug Admin|Win32
		Debug Admin|x64 = Debug Admin|x64
		Debug Admin|x86 = Debug Admin|x86
		Debug Local Detection File|Any CPU = Debug Local Detection File|Any CPU
		Debug Local Detection File|Mixed Platforms = Debug Local Detection File|Mixed Platforms
		Debug Local Detection File|Win32 = Debug Local Detection File|Win32
		Debug Local Detection File|x64 = Debug Local Detection File|x64
		Debug Local Detection File|x86 = Debug Local Detection File|x86
		Debug Open To Settings|Any CPU = Debug Open To Settings|Any CPU
		Debug Open To Settings|Mixed Platforms = Debug Open To Settings|Mixed Platforms
		Debug Open To Settings|Win32 = Debug Open To Settings|Win32
		Debug Open To Settings|x64 = Debug Open To Settings|x64
		Debug Open To Settings|x86 = Debug Open To Settings|x86
		Debug Update and Pause|Any CPU = Debug Update and Pause|Any CPU
		Debug Update and Pause|Mixed Platforms = Debug Update and Pause|Mixed Platforms
		Debug Update and Pause|Win32 = Debug Update and Pause|Win32
		Debug Update and Pause|x64 = Debug Update and Pause|x64
		Debug Update and Pause|x86 = Debug Update and Pause|x86
		Debug Update|Any CPU = Debug Update|Any CPU
		Debug Update|Mixed Platforms = Debug Update|Mixed Platforms
		Debug Update|Win32 = Debug Update|Win32
		Debug Update|x64 = Debug Update|x64
		Debug Update|x86 = Debug Update|x86
		Debug|Any CPU = Debug|Any CPU
		Debug|Mixed Platforms = Debug|Mixed Platforms
		Debug|Win32 = Debug|Win32
		Debug|x64 = Debug|x64
		Debug|x86 = Debug|x86
		DebugAutoURL|Any CPU = DebugAutoURL|Any CPU
		DebugAutoURL|Mixed Platforms = DebugAutoURL|Mixed Platforms
		DebugAutoURL|Win32 = DebugAutoURL|Win32
		DebugAutoURL|x64 = DebugAutoURL|x64
		DebugAutoURL|x86 = DebugAutoURL|x86
		DebugPauseOnStart|Any CPU = DebugPauseOnStart|Any CPU
		DebugPauseOnStart|Mixed Platforms = DebugPauseOnStart|Mixed Platforms
		DebugPauseOnStart|Win32 = DebugPauseOnStart|Win32
		DebugPauseOnStart|x64 = DebugPauseOnStart|x64
		DebugPauseOnStart|x86 = DebugPauseOnStart|x86
		DebugShortURL|Any CPU = DebugShortURL|Any CPU
		DebugShortURL|Mixed Platforms = DebugShortURL|Mixed Platforms
		DebugShortURL|Win32 = DebugShortURL|Win32
		DebugShortURL|x64 = DebugShortURL|x64
		DebugShortURL|x86 = DebugShortURL|x86
		Release|Any CPU = Release|Any CPU
		Release|Mixed Platforms = Release|Mixed Platforms
		Release|Win32 = Release|Win32
		Release|x64 = Release|x64
		Release|x86 = Release|x86
		ReleaseSigned|Any CPU = ReleaseSigned|Any CPU
		ReleaseSigned|Mixed Platforms = ReleaseSigned|Mixed Platforms
		ReleaseSigned|Win32 = ReleaseSigned|Win32
		ReleaseSigned|x64 = ReleaseSigned|x64
		ReleaseSigned|x86 = ReleaseSigned|x86
		ReleaseUnsigned|Any CPU = ReleaseUnsigned|Any CPU
		ReleaseUnsigned|Mixed Platforms = ReleaseUnsigned|Mixed Platforms
		ReleaseUnsigned|Win32 = ReleaseUnsigned|Win32
		ReleaseUnsigned|x64 = ReleaseUnsigned|x64
		ReleaseUnsigned|x86 = ReleaseUnsigned|x86
	EndGlobalSection
	GlobalSection(ProjectConfigurationPlatforms) = postSolution
		{37B05362-7806-4DD0-92A4-B4681D43B32F}.BuildDetectionFile|Any CPU.ActiveCfg = BuildDetectionFile|Any CPU
		{37B05362-7806-4DD0-92A4-B4681D43B32F}.BuildDetectionFile|Any CPU.Build.0 = BuildDetectionFile|Any CPU
		{37B05362-7806-4DD0-92A4-B4681D43B32F}.BuildDetectionFile|Mixed Platforms.ActiveCfg = BuildDetectionFile|Any CPU
		{37B05362-7806-4DD0-92A4-B4681D43B32F}.BuildDetectionFile|Mixed Platforms.Build.0 = BuildDetectionFile|Any CPU
		{37B05362-7806-4DD0-92A4-B4681D43B32F}.BuildDetectionFile|Win32.ActiveCfg = BuildDetectionFile|Any CPU
		{37B05362-7806-4DD0-92A4-B4681D43B32F}.BuildDetectionFile|Win32.Build.0 = BuildDetectionFile|Any CPU
		{37B05362-7806-4DD0-92A4-B4681D43B32F}.BuildDetectionFile|x64.ActiveCfg = BuildDetectionFile|x64
		{37B05362-7806-4DD0-92A4-B4681D43B32F}.BuildDetectionFile|x64.Build.0 = BuildDetectionFile|x64
		{37B05362-7806-4DD0-92A4-B4681D43B32F}.BuildDetectionFile|x86.ActiveCfg = BuildDetectionFile|Any CPU
		{37B05362-7806-4DD0-92A4-B4681D43B32F}.BuildDetectionFile|x86.Build.0 = BuildDetectionFile|Any CPU
		{37B05362-7806-4DD0-92A4-B4681D43B32F}.Debug Admin|Any CPU.ActiveCfg = Debug Admin|Any CPU
		{37B05362-7806-4DD0-92A4-B4681D43B32F}.Debug Admin|Any CPU.Build.0 = Debug Admin|Any CPU
		{37B05362-7806-4DD0-92A4-B4681D43B32F}.Debug Admin|Mixed Platforms.ActiveCfg = Debug Admin|Any CPU
		{37B05362-7806-4DD0-92A4-B4681D43B32F}.Debug Admin|Mixed Platforms.Build.0 = Debug Admin|Any CPU
		{37B05362-7806-4DD0-92A4-B4681D43B32F}.Debug Admin|Win32.ActiveCfg = Debug Admin|Any CPU
		{37B05362-7806-4DD0-92A4-B4681D43B32F}.Debug Admin|Win32.Build.0 = Debug Admin|Any CPU
		{37B05362-7806-4DD0-92A4-B4681D43B32F}.Debug Admin|x64.ActiveCfg = Debug Admin|x64
		{37B05362-7806-4DD0-92A4-B4681D43B32F}.Debug Admin|x64.Build.0 = Debug Admin|x64
		{37B05362-7806-4DD0-92A4-B4681D43B32F}.Debug Admin|x86.ActiveCfg = Debug Admin|Any CPU
		{37B05362-7806-4DD0-92A4-B4681D43B32F}.Debug Admin|x86.Build.0 = Debug Admin|Any CPU
		{37B05362-7806-4DD0-92A4-B4681D43B32F}.Debug Local Detection File|Any CPU.ActiveCfg = Debug Local Detection File|Any CPU
		{37B05362-7806-4DD0-92A4-B4681D43B32F}.Debug Local Detection File|Any CPU.Build.0 = Debug Local Detection File|Any CPU
		{37B05362-7806-4DD0-92A4-B4681D43B32F}.Debug Local Detection File|Mixed Platforms.ActiveCfg = Debug Local Detection File|Any CPU
		{37B05362-7806-4DD0-92A4-B4681D43B32F}.Debug Local Detection File|Mixed Platforms.Build.0 = Debug Local Detection File|Any CPU
		{37B05362-7806-4DD0-92A4-B4681D43B32F}.Debug Local Detection File|Win32.ActiveCfg = Debug Local Detection File|Any CPU
		{37B05362-7806-4DD0-92A4-B4681D43B32F}.Debug Local Detection File|Win32.Build.0 = Debug Local Detection File|Any CPU
		{37B05362-7806-4DD0-92A4-B4681D43B32F}.Debug Local Detection File|x64.ActiveCfg = Debug Local Detection File|x64
		{37B05362-7806-4DD0-92A4-B4681D43B32F}.Debug Local Detection File|x64.Build.0 = Debug Local Detection File|x64
		{37B05362-7806-4DD0-92A4-B4681D43B32F}.Debug Local Detection File|x86.ActiveCfg = Debug Local Detection File|Any CPU
		{37B05362-7806-4DD0-92A4-B4681D43B32F}.Debug Local Detection File|x86.Build.0 = Debug Local Detection File|Any CPU
		{37B05362-7806-4DD0-92A4-B4681D43B32F}.Debug Open To Settings|Any CPU.ActiveCfg = Debug Open To Settings|Any CPU
		{37B05362-7806-4DD0-92A4-B4681D43B32F}.Debug Open To Settings|Any CPU.Build.0 = Debug Open To Settings|Any CPU
		{37B05362-7806-4DD0-92A4-B4681D43B32F}.Debug Open To Settings|Mixed Platforms.ActiveCfg = Debug Open To Settings|Any CPU
		{37B05362-7806-4DD0-92A4-B4681D43B32F}.Debug Open To Settings|Mixed Platforms.Build.0 = Debug Open To Settings|Any CPU
		{37B05362-7806-4DD0-92A4-B4681D43B32F}.Debug Open To Settings|Win32.ActiveCfg = Debug Open To Settings|Any CPU
		{37B05362-7806-4DD0-92A4-B4681D43B32F}.Debug Open To Settings|Win32.Build.0 = Debug Open To Settings|Any CPU
		{37B05362-7806-4DD0-92A4-B4681D43B32F}.Debug Open To Settings|x64.ActiveCfg = Debug Open To Settings|x64
		{37B05362-7806-4DD0-92A4-B4681D43B32F}.Debug Open To Settings|x64.Build.0 = Debug Open To Settings|x64
		{37B05362-7806-4DD0-92A4-B4681D43B32F}.Debug Open To Settings|x86.ActiveCfg = Debug Open To Settings|Any CPU
		{37B05362-7806-4DD0-92A4-B4681D43B32F}.Debug Open To Settings|x86.Build.0 = Debug Open To Settings|Any CPU
		{37B05362-7806-4DD0-92A4-B4681D43B32F}.Debug Update and Pause|Any CPU.ActiveCfg = Debug Update and Pause|Any CPU
		{37B05362-7806-4DD0-92A4-B4681D43B32F}.Debug Update and Pause|Any CPU.Build.0 = Debug Update and Pause|Any CPU
		{37B05362-7806-4DD0-92A4-B4681D43B32F}.Debug Update and Pause|Mixed Platforms.ActiveCfg = Debug Update and Pause|Any CPU
		{37B05362-7806-4DD0-92A4-B4681D43B32F}.Debug Update and Pause|Mixed Platforms.Build.0 = Debug Update and Pause|Any CPU
		{37B05362-7806-4DD0-92A4-B4681D43B32F}.Debug Update and Pause|Win32.ActiveCfg = Debug Update and Pause|Any CPU
		{37B05362-7806-4DD0-92A4-B4681D43B32F}.Debug Update and Pause|Win32.Build.0 = Debug Update and Pause|Any CPU
		{37B05362-7806-4DD0-92A4-B4681D43B32F}.Debug Update and Pause|x64.ActiveCfg = Debug Update and Pause|x64
		{37B05362-7806-4DD0-92A4-B4681D43B32F}.Debug Update and Pause|x64.Build.0 = Debug Update and Pause|x64
		{37B05362-7806-4DD0-92A4-B4681D43B32F}.Debug Update and Pause|x86.ActiveCfg = Debug Update and Pause|Any CPU
		{37B05362-7806-4DD0-92A4-B4681D43B32F}.Debug Update and Pause|x86.Build.0 = Debug Update and Pause|Any CPU
		{37B05362-7806-4DD0-92A4-B4681D43B32F}.Debug Update|Any CPU.ActiveCfg = Debug Update|Any CPU
		{37B05362-7806-4DD0-92A4-B4681D43B32F}.Debug Update|Any CPU.Build.0 = Debug Update|Any CPU
		{37B05362-7806-4DD0-92A4-B4681D43B32F}.Debug Update|Mixed Platforms.ActiveCfg = Debug Update|Any CPU
		{37B05362-7806-4DD0-92A4-B4681D43B32F}.Debug Update|Mixed Platforms.Build.0 = Debug Update|Any CPU
		{37B05362-7806-4DD0-92A4-B4681D43B32F}.Debug Update|Win32.ActiveCfg = Debug Update|Any CPU
		{37B05362-7806-4DD0-92A4-B4681D43B32F}.Debug Update|Win32.Build.0 = Debug Update|Any CPU
		{37B05362-7806-4DD0-92A4-B4681D43B32F}.Debug Update|x64.ActiveCfg = Debug Update|x64
		{37B05362-7806-4DD0-92A4-B4681D43B32F}.Debug Update|x64.Build.0 = Debug Update|x64
		{37B05362-7806-4DD0-92A4-B4681D43B32F}.Debug Update|x86.ActiveCfg = Debug Update|Any CPU
		{37B05362-7806-4DD0-92A4-B4681D43B32F}.Debug Update|x86.Build.0 = Debug Update|Any CPU
		{37B05362-7806-4DD0-92A4-B4681D43B32F}.Debug|Any CPU.ActiveCfg = Debug|Any CPU
		{37B05362-7806-4DD0-92A4-B4681D43B32F}.Debug|Any CPU.Build.0 = Debug|Any CPU
		{37B05362-7806-4DD0-92A4-B4681D43B32F}.Debug|Mixed Platforms.ActiveCfg = Debug|Any CPU
		{37B05362-7806-4DD0-92A4-B4681D43B32F}.Debug|Mixed Platforms.Build.0 = Debug|Any CPU
		{37B05362-7806-4DD0-92A4-B4681D43B32F}.Debug|Win32.ActiveCfg = Debug|Any CPU
		{37B05362-7806-4DD0-92A4-B4681D43B32F}.Debug|Win32.Build.0 = Debug|Any CPU
		{37B05362-7806-4DD0-92A4-B4681D43B32F}.Debug|x64.ActiveCfg = Debug|x64
		{37B05362-7806-4DD0-92A4-B4681D43B32F}.Debug|x64.Build.0 = Debug|x64
		{37B05362-7806-4DD0-92A4-B4681D43B32F}.Debug|x86.ActiveCfg = Debug|Any CPU
		{37B05362-7806-4DD0-92A4-B4681D43B32F}.Debug|x86.Build.0 = Debug|Any CPU
		{37B05362-7806-4DD0-92A4-B4681D43B32F}.DebugAutoURL|Any CPU.ActiveCfg = DebugAutoURL|Any CPU
		{37B05362-7806-4DD0-92A4-B4681D43B32F}.DebugAutoURL|Any CPU.Build.0 = DebugAutoURL|Any CPU
		{37B05362-7806-4DD0-92A4-B4681D43B32F}.DebugAutoURL|Mixed Platforms.ActiveCfg = DebugAutoURL|Any CPU
		{37B05362-7806-4DD0-92A4-B4681D43B32F}.DebugAutoURL|Mixed Platforms.Build.0 = DebugAutoURL|Any CPU
		{37B05362-7806-4DD0-92A4-B4681D43B32F}.DebugAutoURL|Win32.ActiveCfg = DebugAutoURL|Any CPU
		{37B05362-7806-4DD0-92A4-B4681D43B32F}.DebugAutoURL|Win32.Build.0 = DebugAutoURL|Any CPU
		{37B05362-7806-4DD0-92A4-B4681D43B32F}.DebugAutoURL|x64.ActiveCfg = DebugAutoURL|x64
		{37B05362-7806-4DD0-92A4-B4681D43B32F}.DebugAutoURL|x64.Build.0 = DebugAutoURL|x64
		{37B05362-7806-4DD0-92A4-B4681D43B32F}.DebugAutoURL|x86.ActiveCfg = DebugAutoURL|Any CPU
		{37B05362-7806-4DD0-92A4-B4681D43B32F}.DebugAutoURL|x86.Build.0 = DebugAutoURL|Any CPU
		{37B05362-7806-4DD0-92A4-B4681D43B32F}.DebugPauseOnStart|Any CPU.ActiveCfg = DebugPauseOnStart|Any CPU
		{37B05362-7806-4DD0-92A4-B4681D43B32F}.DebugPauseOnStart|Any CPU.Build.0 = DebugPauseOnStart|Any CPU
		{37B05362-7806-4DD0-92A4-B4681D43B32F}.DebugPauseOnStart|Mixed Platforms.ActiveCfg = DebugPauseOnStart|Any CPU
		{37B05362-7806-4DD0-92A4-B4681D43B32F}.DebugPauseOnStart|Mixed Platforms.Build.0 = DebugPauseOnStart|Any CPU
		{37B05362-7806-4DD0-92A4-B4681D43B32F}.DebugPauseOnStart|Win32.ActiveCfg = DebugPauseOnStart|Any CPU
		{37B05362-7806-4DD0-92A4-B4681D43B32F}.DebugPauseOnStart|Win32.Build.0 = DebugPauseOnStart|Any CPU
		{37B05362-7806-4DD0-92A4-B4681D43B32F}.DebugPauseOnStart|x64.ActiveCfg = DebugPauseOnStart|x64
		{37B05362-7806-4DD0-92A4-B4681D43B32F}.DebugPauseOnStart|x64.Build.0 = DebugPauseOnStart|x64
		{37B05362-7806-4DD0-92A4-B4681D43B32F}.DebugPauseOnStart|x86.ActiveCfg = DebugPauseOnStart|Any CPU
		{37B05362-7806-4DD0-92A4-B4681D43B32F}.DebugPauseOnStart|x86.Build.0 = DebugPauseOnStart|Any CPU
		{37B05362-7806-4DD0-92A4-B4681D43B32F}.DebugShortURL|Any CPU.ActiveCfg = DebugShortURL|Any CPU
		{37B05362-7806-4DD0-92A4-B4681D43B32F}.DebugShortURL|Any CPU.Build.0 = DebugShortURL|Any CPU
		{37B05362-7806-4DD0-92A4-B4681D43B32F}.DebugShortURL|Mixed Platforms.ActiveCfg = DebugShortURL|Any CPU
		{37B05362-7806-4DD0-92A4-B4681D43B32F}.DebugShortURL|Mixed Platforms.Build.0 = DebugShortURL|Any CPU
		{37B05362-7806-4DD0-92A4-B4681D43B32F}.DebugShortURL|Win32.ActiveCfg = DebugShortURL|Any CPU
		{37B05362-7806-4DD0-92A4-B4681D43B32F}.DebugShortURL|Win32.Build.0 = DebugShortURL|Any CPU
		{37B05362-7806-4DD0-92A4-B4681D43B32F}.DebugShortURL|x64.ActiveCfg = DebugShortURL|x64
		{37B05362-7806-4DD0-92A4-B4681D43B32F}.DebugShortURL|x64.Build.0 = DebugShortURL|x64
		{37B05362-7806-4DD0-92A4-B4681D43B32F}.DebugShortURL|x86.ActiveCfg = DebugShortURL|Any CPU
		{37B05362-7806-4DD0-92A4-B4681D43B32F}.DebugShortURL|x86.Build.0 = DebugShortURL|Any CPU
		{37B05362-7806-4DD0-92A4-B4681D43B32F}.Release|Any CPU.ActiveCfg = Release|Any CPU
		{37B05362-7806-4DD0-92A4-B4681D43B32F}.Release|Any CPU.Build.0 = Release|Any CPU
		{37B05362-7806-4DD0-92A4-B4681D43B32F}.Release|Mixed Platforms.ActiveCfg = Release|Any CPU
		{37B05362-7806-4DD0-92A4-B4681D43B32F}.Release|Mixed Platforms.Build.0 = Release|Any CPU
		{37B05362-7806-4DD0-92A4-B4681D43B32F}.Release|Win32.ActiveCfg = Release|Any CPU
		{37B05362-7806-4DD0-92A4-B4681D43B32F}.Release|Win32.Build.0 = Release|Any CPU
		{37B05362-7806-4DD0-92A4-B4681D43B32F}.Release|x64.ActiveCfg = Release|x64
		{37B05362-7806-4DD0-92A4-B4681D43B32F}.Release|x64.Build.0 = Release|x64
		{37B05362-7806-4DD0-92A4-B4681D43B32F}.Release|x86.ActiveCfg = Release|Any CPU
		{37B05362-7806-4DD0-92A4-B4681D43B32F}.Release|x86.Build.0 = Release|Any CPU
		{37B05362-7806-4DD0-92A4-B4681D43B32F}.ReleaseSigned|Any CPU.ActiveCfg = Release|Any CPU
		{37B05362-7806-4DD0-92A4-B4681D43B32F}.ReleaseSigned|Any CPU.Build.0 = Release|Any CPU
		{37B05362-7806-4DD0-92A4-B4681D43B32F}.ReleaseSigned|Mixed Platforms.ActiveCfg = Release|Any CPU
		{37B05362-7806-4DD0-92A4-B4681D43B32F}.ReleaseSigned|Mixed Platforms.Build.0 = Release|Any CPU
		{37B05362-7806-4DD0-92A4-B4681D43B32F}.ReleaseSigned|Win32.ActiveCfg = Release|Any CPU
		{37B05362-7806-4DD0-92A4-B4681D43B32F}.ReleaseSigned|Win32.Build.0 = Release|Any CPU
		{37B05362-7806-4DD0-92A4-B4681D43B32F}.ReleaseSigned|x64.ActiveCfg = Release|x64
		{37B05362-7806-4DD0-92A4-B4681D43B32F}.ReleaseSigned|x64.Build.0 = Release|x64
		{37B05362-7806-4DD0-92A4-B4681D43B32F}.ReleaseSigned|x86.ActiveCfg = Release|Any CPU
		{37B05362-7806-4DD0-92A4-B4681D43B32F}.ReleaseSigned|x86.Build.0 = Release|Any CPU
		{37B05362-7806-4DD0-92A4-B4681D43B32F}.ReleaseUnsigned|Any CPU.ActiveCfg = Release|Any CPU
		{37B05362-7806-4DD0-92A4-B4681D43B32F}.ReleaseUnsigned|Any CPU.Build.0 = Release|Any CPU
		{37B05362-7806-4DD0-92A4-B4681D43B32F}.ReleaseUnsigned|Mixed Platforms.ActiveCfg = Release|Any CPU
		{37B05362-7806-4DD0-92A4-B4681D43B32F}.ReleaseUnsigned|Mixed Platforms.Build.0 = Release|Any CPU
		{37B05362-7806-4DD0-92A4-B4681D43B32F}.ReleaseUnsigned|Win32.ActiveCfg = Release|Any CPU
		{37B05362-7806-4DD0-92A4-B4681D43B32F}.ReleaseUnsigned|Win32.Build.0 = Release|Any CPU
		{37B05362-7806-4DD0-92A4-B4681D43B32F}.ReleaseUnsigned|x64.ActiveCfg = Release|x64
		{37B05362-7806-4DD0-92A4-B4681D43B32F}.ReleaseUnsigned|x64.Build.0 = Release|x64
		{37B05362-7806-4DD0-92A4-B4681D43B32F}.ReleaseUnsigned|x86.ActiveCfg = Release|Any CPU
		{37B05362-7806-4DD0-92A4-B4681D43B32F}.ReleaseUnsigned|x86.Build.0 = Release|Any CPU
		{E911F5E2-7549-42BE-8739-C6F7A2228A92}.BuildDetectionFile|Any CPU.ActiveCfg = Release|Any CPU
		{E911F5E2-7549-42BE-8739-C6F7A2228A92}.BuildDetectionFile|Any CPU.Build.0 = Release|Any CPU
		{E911F5E2-7549-42BE-8739-C6F7A2228A92}.BuildDetectionFile|Mixed Platforms.ActiveCfg = Release|Any CPU
		{E911F5E2-7549-42BE-8739-C6F7A2228A92}.BuildDetectionFile|Mixed Platforms.Build.0 = Release|Any CPU
		{E911F5E2-7549-42BE-8739-C6F7A2228A92}.BuildDetectionFile|Win32.ActiveCfg = Release|Any CPU
		{E911F5E2-7549-42BE-8739-C6F7A2228A92}.BuildDetectionFile|Win32.Build.0 = Release|Any CPU
		{E911F5E2-7549-42BE-8739-C6F7A2228A92}.BuildDetectionFile|x64.ActiveCfg = Release|Any CPU
		{E911F5E2-7549-42BE-8739-C6F7A2228A92}.BuildDetectionFile|x64.Build.0 = Release|Any CPU
		{E911F5E2-7549-42BE-8739-C6F7A2228A92}.BuildDetectionFile|x86.ActiveCfg = Release|Any CPU
		{E911F5E2-7549-42BE-8739-C6F7A2228A92}.BuildDetectionFile|x86.Build.0 = Release|Any CPU
		{E911F5E2-7549-42BE-8739-C6F7A2228A92}.Debug Admin|Any CPU.ActiveCfg = Debug|Any CPU
		{E911F5E2-7549-42BE-8739-C6F7A2228A92}.Debug Admin|Any CPU.Build.0 = Debug|Any CPU
		{E911F5E2-7549-42BE-8739-C6F7A2228A92}.Debug Admin|Mixed Platforms.ActiveCfg = Debug|Any CPU
		{E911F5E2-7549-42BE-8739-C6F7A2228A92}.Debug Admin|Mixed Platforms.Build.0 = Debug|Any CPU
		{E911F5E2-7549-42BE-8739-C6F7A2228A92}.Debug Admin|Win32.ActiveCfg = Debug|Any CPU
		{E911F5E2-7549-42BE-8739-C6F7A2228A92}.Debug Admin|Win32.Build.0 = Debug|Any CPU
		{E911F5E2-7549-42BE-8739-C6F7A2228A92}.Debug Admin|x64.ActiveCfg = Debug|Any CPU
		{E911F5E2-7549-42BE-8739-C6F7A2228A92}.Debug Admin|x64.Build.0 = Debug|Any CPU
		{E911F5E2-7549-42BE-8739-C6F7A2228A92}.Debug Admin|x86.ActiveCfg = Debug|Any CPU
		{E911F5E2-7549-42BE-8739-C6F7A2228A92}.Debug Admin|x86.Build.0 = Debug|Any CPU
		{E911F5E2-7549-42BE-8739-C6F7A2228A92}.Debug Local Detection File|Any CPU.ActiveCfg = Debug|Any CPU
		{E911F5E2-7549-42BE-8739-C6F7A2228A92}.Debug Local Detection File|Any CPU.Build.0 = Debug|Any CPU
		{E911F5E2-7549-42BE-8739-C6F7A2228A92}.Debug Local Detection File|Mixed Platforms.ActiveCfg = Debug|Any CPU
		{E911F5E2-7549-42BE-8739-C6F7A2228A92}.Debug Local Detection File|Mixed Platforms.Build.0 = Debug|Any CPU
		{E911F5E2-7549-42BE-8739-C6F7A2228A92}.Debug Local Detection File|Win32.ActiveCfg = Debug|Any CPU
		{E911F5E2-7549-42BE-8739-C6F7A2228A92}.Debug Local Detection File|Win32.Build.0 = Debug|Any CPU
		{E911F5E2-7549-42BE-8739-C6F7A2228A92}.Debug Local Detection File|x64.ActiveCfg = Debug|Any CPU
		{E911F5E2-7549-42BE-8739-C6F7A2228A92}.Debug Local Detection File|x64.Build.0 = Debug|Any CPU
		{E911F5E2-7549-42BE-8739-C6F7A2228A92}.Debug Local Detection File|x86.ActiveCfg = Debug|Any CPU
		{E911F5E2-7549-42BE-8739-C6F7A2228A92}.Debug Local Detection File|x86.Build.0 = Debug|Any CPU
		{E911F5E2-7549-42BE-8739-C6F7A2228A92}.Debug Open To Settings|Any CPU.ActiveCfg = Debug|Any CPU
		{E911F5E2-7549-42BE-8739-C6F7A2228A92}.Debug Open To Settings|Any CPU.Build.0 = Debug|Any CPU
		{E911F5E2-7549-42BE-8739-C6F7A2228A92}.Debug Open To Settings|Mixed Platforms.ActiveCfg = Debug|Any CPU
		{E911F5E2-7549-42BE-8739-C6F7A2228A92}.Debug Open To Settings|Mixed Platforms.Build.0 = Debug|Any CPU
		{E911F5E2-7549-42BE-8739-C6F7A2228A92}.Debug Open To Settings|Win32.ActiveCfg = Debug|Any CPU
		{E911F5E2-7549-42BE-8739-C6F7A2228A92}.Debug Open To Settings|Win32.Build.0 = Debug|Any CPU
		{E911F5E2-7549-42BE-8739-C6F7A2228A92}.Debug Open To Settings|x64.ActiveCfg = Debug|Any CPU
		{E911F5E2-7549-42BE-8739-C6F7A2228A92}.Debug Open To Settings|x64.Build.0 = Debug|Any CPU
		{E911F5E2-7549-42BE-8739-C6F7A2228A92}.Debug Open To Settings|x86.ActiveCfg = Debug|Any CPU
		{E911F5E2-7549-42BE-8739-C6F7A2228A92}.Debug Open To Settings|x86.Build.0 = Debug|Any CPU
		{E911F5E2-7549-42BE-8739-C6F7A2228A92}.Debug Update and Pause|Any CPU.ActiveCfg = Debug|Any CPU
		{E911F5E2-7549-42BE-8739-C6F7A2228A92}.Debug Update and Pause|Any CPU.Build.0 = Debug|Any CPU
		{E911F5E2-7549-42BE-8739-C6F7A2228A92}.Debug Update and Pause|Mixed Platforms.ActiveCfg = Debug|Any CPU
		{E911F5E2-7549-42BE-8739-C6F7A2228A92}.Debug Update and Pause|Mixed Platforms.Build.0 = Debug|Any CPU
		{E911F5E2-7549-42BE-8739-C6F7A2228A92}.Debug Update and Pause|Win32.ActiveCfg = Debug|Any CPU
		{E911F5E2-7549-42BE-8739-C6F7A2228A92}.Debug Update and Pause|Win32.Build.0 = Debug|Any CPU
		{E911F5E2-7549-42BE-8739-C6F7A2228A92}.Debug Update and Pause|x64.ActiveCfg = Debug|Any CPU
		{E911F5E2-7549-42BE-8739-C6F7A2228A92}.Debug Update and Pause|x64.Build.0 = Debug|Any CPU
		{E911F5E2-7549-42BE-8739-C6F7A2228A92}.Debug Update and Pause|x86.ActiveCfg = Debug|Any CPU
		{E911F5E2-7549-42BE-8739-C6F7A2228A92}.Debug Update and Pause|x86.Build.0 = Debug|Any CPU
		{E911F5E2-7549-42BE-8739-C6F7A2228A92}.Debug Update|Any CPU.ActiveCfg = Debug|Any CPU
		{E911F5E2-7549-42BE-8739-C6F7A2228A92}.Debug Update|Any CPU.Build.0 = Debug|Any CPU
		{E911F5E2-7549-42BE-8739-C6F7A2228A92}.Debug Update|Mixed Platforms.ActiveCfg = Debug|Any CPU
		{E911F5E2-7549-42BE-8739-C6F7A2228A92}.Debug Update|Mixed Platforms.Build.0 = Debug|Any CPU
		{E911F5E2-7549-42BE-8739-C6F7A2228A92}.Debug Update|Win32.ActiveCfg = Debug|Any CPU
		{E911F5E2-7549-42BE-8739-C6F7A2228A92}.Debug Update|Win32.Build.0 = Debug|Any CPU
		{E911F5E2-7549-42BE-8739-C6F7A2228A92}.Debug Update|x64.ActiveCfg = Debug|Any CPU
		{E911F5E2-7549-42BE-8739-C6F7A2228A92}.Debug Update|x64.Build.0 = Debug|Any CPU
		{E911F5E2-7549-42BE-8739-C6F7A2228A92}.Debug Update|x86.ActiveCfg = Debug|Any CPU
		{E911F5E2-7549-42BE-8739-C6F7A2228A92}.Debug Update|x86.Build.0 = Debug|Any CPU
		{E911F5E2-7549-42BE-8739-C6F7A2228A92}.Debug|Any CPU.ActiveCfg = Debug|Any CPU
		{E911F5E2-7549-42BE-8739-C6F7A2228A92}.Debug|Any CPU.Build.0 = Debug|Any CPU
		{E911F5E2-7549-42BE-8739-C6F7A2228A92}.Debug|Mixed Platforms.ActiveCfg = Debug|Any CPU
		{E911F5E2-7549-42BE-8739-C6F7A2228A92}.Debug|Mixed Platforms.Build.0 = Debug|Any CPU
		{E911F5E2-7549-42BE-8739-C6F7A2228A92}.Debug|Win32.ActiveCfg = Debug|Any CPU
		{E911F5E2-7549-42BE-8739-C6F7A2228A92}.Debug|Win32.Build.0 = Debug|Any CPU
		{E911F5E2-7549-42BE-8739-C6F7A2228A92}.Debug|x64.ActiveCfg = Debug|Any CPU
		{E911F5E2-7549-42BE-8739-C6F7A2228A92}.Debug|x64.Build.0 = Debug|Any CPU
		{E911F5E2-7549-42BE-8739-C6F7A2228A92}.Debug|x86.ActiveCfg = Debug|Any CPU
		{E911F5E2-7549-42BE-8739-C6F7A2228A92}.Debug|x86.Build.0 = Debug|Any CPU
		{E911F5E2-7549-42BE-8739-C6F7A2228A92}.DebugAutoURL|Any CPU.ActiveCfg = Debug|Any CPU
		{E911F5E2-7549-42BE-8739-C6F7A2228A92}.DebugAutoURL|Any CPU.Build.0 = Debug|Any CPU
		{E911F5E2-7549-42BE-8739-C6F7A2228A92}.DebugAutoURL|Mixed Platforms.ActiveCfg = Debug|Any CPU
		{E911F5E2-7549-42BE-8739-C6F7A2228A92}.DebugAutoURL|Mixed Platforms.Build.0 = Debug|Any CPU
		{E911F5E2-7549-42BE-8739-C6F7A2228A92}.DebugAutoURL|Win32.ActiveCfg = Debug|Any CPU
		{E911F5E2-7549-42BE-8739-C6F7A2228A92}.DebugAutoURL|Win32.Build.0 = Debug|Any CPU
		{E911F5E2-7549-42BE-8739-C6F7A2228A92}.DebugAutoURL|x64.ActiveCfg = Debug|Any CPU
		{E911F5E2-7549-42BE-8739-C6F7A2228A92}.DebugAutoURL|x64.Build.0 = Debug|Any CPU
		{E911F5E2-7549-42BE-8739-C6F7A2228A92}.DebugAutoURL|x86.ActiveCfg = Debug|Any CPU
		{E911F5E2-7549-42BE-8739-C6F7A2228A92}.DebugAutoURL|x86.Build.0 = Debug|Any CPU
		{E911F5E2-7549-42BE-8739-C6F7A2228A92}.DebugPauseOnStart|Any CPU.ActiveCfg = Debug|Any CPU
		{E911F5E2-7549-42BE-8739-C6F7A2228A92}.DebugPauseOnStart|Any CPU.Build.0 = Debug|Any CPU
		{E911F5E2-7549-42BE-8739-C6F7A2228A92}.DebugPauseOnStart|Mixed Platforms.ActiveCfg = Debug|Any CPU
		{E911F5E2-7549-42BE-8739-C6F7A2228A92}.DebugPauseOnStart|Mixed Platforms.Build.0 = Debug|Any CPU
		{E911F5E2-7549-42BE-8739-C6F7A2228A92}.DebugPauseOnStart|Win32.ActiveCfg = Debug|Any CPU
		{E911F5E2-7549-42BE-8739-C6F7A2228A92}.DebugPauseOnStart|Win32.Build.0 = Debug|Any CPU
		{E911F5E2-7549-42BE-8739-C6F7A2228A92}.DebugPauseOnStart|x64.ActiveCfg = Debug|Any CPU
		{E911F5E2-7549-42BE-8739-C6F7A2228A92}.DebugPauseOnStart|x64.Build.0 = Debug|Any CPU
		{E911F5E2-7549-42BE-8739-C6F7A2228A92}.DebugPauseOnStart|x86.ActiveCfg = Debug|Any CPU
		{E911F5E2-7549-42BE-8739-C6F7A2228A92}.DebugPauseOnStart|x86.Build.0 = Debug|Any CPU
		{E911F5E2-7549-42BE-8739-C6F7A2228A92}.DebugShortURL|Any CPU.ActiveCfg = Debug|Any CPU
		{E911F5E2-7549-42BE-8739-C6F7A2228A92}.DebugShortURL|Any CPU.Build.0 = Debug|Any CPU
		{E911F5E2-7549-42BE-8739-C6F7A2228A92}.DebugShortURL|Mixed Platforms.ActiveCfg = Debug|Any CPU
		{E911F5E2-7549-42BE-8739-C6F7A2228A92}.DebugShortURL|Mixed Platforms.Build.0 = Debug|Any CPU
		{E911F5E2-7549-42BE-8739-C6F7A2228A92}.DebugShortURL|Win32.ActiveCfg = Debug|Any CPU
		{E911F5E2-7549-42BE-8739-C6F7A2228A92}.DebugShortURL|Win32.Build.0 = Debug|Any CPU
		{E911F5E2-7549-42BE-8739-C6F7A2228A92}.DebugShortURL|x64.ActiveCfg = Debug|Any CPU
		{E911F5E2-7549-42BE-8739-C6F7A2228A92}.DebugShortURL|x64.Build.0 = Debug|Any CPU
		{E911F5E2-7549-42BE-8739-C6F7A2228A92}.DebugShortURL|x86.ActiveCfg = Debug|Any CPU
		{E911F5E2-7549-42BE-8739-C6F7A2228A92}.DebugShortURL|x86.Build.0 = Debug|Any CPU
		{E911F5E2-7549-42BE-8739-C6F7A2228A92}.Release|Any CPU.ActiveCfg = Release|Any CPU
		{E911F5E2-7549-42BE-8739-C6F7A2228A92}.Release|Any CPU.Build.0 = Release|Any CPU
		{E911F5E2-7549-42BE-8739-C6F7A2228A92}.Release|Mixed Platforms.ActiveCfg = Release|Any CPU
		{E911F5E2-7549-42BE-8739-C6F7A2228A92}.Release|Mixed Platforms.Build.0 = Release|Any CPU
		{E911F5E2-7549-42BE-8739-C6F7A2228A92}.Release|Win32.ActiveCfg = Release|Any CPU
		{E911F5E2-7549-42BE-8739-C6F7A2228A92}.Release|Win32.Build.0 = Release|Any CPU
		{E911F5E2-7549-42BE-8739-C6F7A2228A92}.Release|x64.ActiveCfg = Release|Any CPU
		{E911F5E2-7549-42BE-8739-C6F7A2228A92}.Release|x64.Build.0 = Release|Any CPU
		{E911F5E2-7549-42BE-8739-C6F7A2228A92}.Release|x86.ActiveCfg = Release|Any CPU
		{E911F5E2-7549-42BE-8739-C6F7A2228A92}.Release|x86.Build.0 = Release|Any CPU
		{E911F5E2-7549-42BE-8739-C6F7A2228A92}.ReleaseSigned|Any CPU.ActiveCfg = Release|Any CPU
		{E911F5E2-7549-42BE-8739-C6F7A2228A92}.ReleaseSigned|Any CPU.Build.0 = Release|Any CPU
		{E911F5E2-7549-42BE-8739-C6F7A2228A92}.ReleaseSigned|Mixed Platforms.ActiveCfg = Release|Any CPU
		{E911F5E2-7549-42BE-8739-C6F7A2228A92}.ReleaseSigned|Mixed Platforms.Build.0 = Release|Any CPU
		{E911F5E2-7549-42BE-8739-C6F7A2228A92}.ReleaseSigned|Win32.ActiveCfg = Release|Any CPU
		{E911F5E2-7549-42BE-8739-C6F7A2228A92}.ReleaseSigned|Win32.Build.0 = Release|Any CPU
		{E911F5E2-7549-42BE-8739-C6F7A2228A92}.ReleaseSigned|x64.ActiveCfg = Release|Any CPU
		{E911F5E2-7549-42BE-8739-C6F7A2228A92}.ReleaseSigned|x64.Build.0 = Release|Any CPU
		{E911F5E2-7549-42BE-8739-C6F7A2228A92}.ReleaseSigned|x86.ActiveCfg = Release|Any CPU
		{E911F5E2-7549-42BE-8739-C6F7A2228A92}.ReleaseSigned|x86.Build.0 = Release|Any CPU
		{E911F5E2-7549-42BE-8739-C6F7A2228A92}.ReleaseUnsigned|Any CPU.ActiveCfg = Release|Any CPU
		{E911F5E2-7549-42BE-8739-C6F7A2228A92}.ReleaseUnsigned|Any CPU.Build.0 = Release|Any CPU
		{E911F5E2-7549-42BE-8739-C6F7A2228A92}.ReleaseUnsigned|Mixed Platforms.ActiveCfg = Release|Any CPU
		{E911F5E2-7549-42BE-8739-C6F7A2228A92}.ReleaseUnsigned|Mixed Platforms.Build.0 = Release|Any CPU
		{E911F5E2-7549-42BE-8739-C6F7A2228A92}.ReleaseUnsigned|Win32.ActiveCfg = Release|Any CPU
		{E911F5E2-7549-42BE-8739-C6F7A2228A92}.ReleaseUnsigned|Win32.Build.0 = Release|Any CPU
		{E911F5E2-7549-42BE-8739-C6F7A2228A92}.ReleaseUnsigned|x64.ActiveCfg = Release|Any CPU
		{E911F5E2-7549-42BE-8739-C6F7A2228A92}.ReleaseUnsigned|x64.Build.0 = Release|Any CPU
		{E911F5E2-7549-42BE-8739-C6F7A2228A92}.ReleaseUnsigned|x86.ActiveCfg = Release|Any CPU
		{E911F5E2-7549-42BE-8739-C6F7A2228A92}.ReleaseUnsigned|x86.Build.0 = Release|Any CPU
		{9B0CE624-6ABA-4722-9D1A-F955E2824820}.BuildDetectionFile|Any CPU.ActiveCfg = Release|Any CPU
		{9B0CE624-6ABA-4722-9D1A-F955E2824820}.BuildDetectionFile|Any CPU.Build.0 = Release|Any CPU
		{9B0CE624-6ABA-4722-9D1A-F955E2824820}.BuildDetectionFile|Mixed Platforms.ActiveCfg = Release|Any CPU
		{9B0CE624-6ABA-4722-9D1A-F955E2824820}.BuildDetectionFile|Mixed Platforms.Build.0 = Release|Any CPU
		{9B0CE624-6ABA-4722-9D1A-F955E2824820}.BuildDetectionFile|Win32.ActiveCfg = Release|Any CPU
		{9B0CE624-6ABA-4722-9D1A-F955E2824820}.BuildDetectionFile|Win32.Build.0 = Release|Any CPU
		{9B0CE624-6ABA-4722-9D1A-F955E2824820}.BuildDetectionFile|x64.ActiveCfg = Release|Any CPU
		{9B0CE624-6ABA-4722-9D1A-F955E2824820}.BuildDetectionFile|x64.Build.0 = Release|Any CPU
		{9B0CE624-6ABA-4722-9D1A-F955E2824820}.BuildDetectionFile|x86.ActiveCfg = Release|Any CPU
		{9B0CE624-6ABA-4722-9D1A-F955E2824820}.BuildDetectionFile|x86.Build.0 = Release|Any CPU
		{9B0CE624-6ABA-4722-9D1A-F955E2824820}.Debug Admin|Any CPU.ActiveCfg = Debug|Any CPU
		{9B0CE624-6ABA-4722-9D1A-F955E2824820}.Debug Admin|Any CPU.Build.0 = Debug|Any CPU
		{9B0CE624-6ABA-4722-9D1A-F955E2824820}.Debug Admin|Mixed Platforms.ActiveCfg = Debug|Any CPU
		{9B0CE624-6ABA-4722-9D1A-F955E2824820}.Debug Admin|Mixed Platforms.Build.0 = Debug|Any CPU
		{9B0CE624-6ABA-4722-9D1A-F955E2824820}.Debug Admin|Win32.ActiveCfg = Debug|Any CPU
		{9B0CE624-6ABA-4722-9D1A-F955E2824820}.Debug Admin|Win32.Build.0 = Debug|Any CPU
		{9B0CE624-6ABA-4722-9D1A-F955E2824820}.Debug Admin|x64.ActiveCfg = Debug|Any CPU
		{9B0CE624-6ABA-4722-9D1A-F955E2824820}.Debug Admin|x64.Build.0 = Debug|Any CPU
		{9B0CE624-6ABA-4722-9D1A-F955E2824820}.Debug Admin|x86.ActiveCfg = Debug|Any CPU
		{9B0CE624-6ABA-4722-9D1A-F955E2824820}.Debug Admin|x86.Build.0 = Debug|Any CPU
		{9B0CE624-6ABA-4722-9D1A-F955E2824820}.Debug Local Detection File|Any CPU.ActiveCfg = Debug|Any CPU
		{9B0CE624-6ABA-4722-9D1A-F955E2824820}.Debug Local Detection File|Any CPU.Build.0 = Debug|Any CPU
		{9B0CE624-6ABA-4722-9D1A-F955E2824820}.Debug Local Detection File|Mixed Platforms.ActiveCfg = Debug|Any CPU
		{9B0CE624-6ABA-4722-9D1A-F955E2824820}.Debug Local Detection File|Mixed Platforms.Build.0 = Debug|Any CPU
		{9B0CE624-6ABA-4722-9D1A-F955E2824820}.Debug Local Detection File|Win32.ActiveCfg = Debug|Any CPU
		{9B0CE624-6ABA-4722-9D1A-F955E2824820}.Debug Local Detection File|Win32.Build.0 = Debug|Any CPU
		{9B0CE624-6ABA-4722-9D1A-F955E2824820}.Debug Local Detection File|x64.ActiveCfg = Debug|Any CPU
		{9B0CE624-6ABA-4722-9D1A-F955E2824820}.Debug Local Detection File|x64.Build.0 = Debug|Any CPU
		{9B0CE624-6ABA-4722-9D1A-F955E2824820}.Debug Local Detection File|x86.ActiveCfg = Debug|Any CPU
		{9B0CE624-6ABA-4722-9D1A-F955E2824820}.Debug Local Detection File|x86.Build.0 = Debug|Any CPU
		{9B0CE624-6ABA-4722-9D1A-F955E2824820}.Debug Open To Settings|Any CPU.ActiveCfg = Debug|Any CPU
		{9B0CE624-6ABA-4722-9D1A-F955E2824820}.Debug Open To Settings|Any CPU.Build.0 = Debug|Any CPU
		{9B0CE624-6ABA-4722-9D1A-F955E2824820}.Debug Open To Settings|Mixed Platforms.ActiveCfg = Debug|Any CPU
		{9B0CE624-6ABA-4722-9D1A-F955E2824820}.Debug Open To Settings|Mixed Platforms.Build.0 = Debug|Any CPU
		{9B0CE624-6ABA-4722-9D1A-F955E2824820}.Debug Open To Settings|Win32.ActiveCfg = Debug|Any CPU
		{9B0CE624-6ABA-4722-9D1A-F955E2824820}.Debug Open To Settings|Win32.Build.0 = Debug|Any CPU
		{9B0CE624-6ABA-4722-9D1A-F955E2824820}.Debug Open To Settings|x64.ActiveCfg = Debug|Any CPU
		{9B0CE624-6ABA-4722-9D1A-F955E2824820}.Debug Open To Settings|x64.Build.0 = Debug|Any CPU
		{9B0CE624-6ABA-4722-9D1A-F955E2824820}.Debug Open To Settings|x86.ActiveCfg = Debug|Any CPU
		{9B0CE624-6ABA-4722-9D1A-F955E2824820}.Debug Open To Settings|x86.Build.0 = Debug|Any CPU
		{9B0CE624-6ABA-4722-9D1A-F955E2824820}.Debug Update and Pause|Any CPU.ActiveCfg = Debug|Any CPU
		{9B0CE624-6ABA-4722-9D1A-F955E2824820}.Debug Update and Pause|Any CPU.Build.0 = Debug|Any CPU
		{9B0CE624-6ABA-4722-9D1A-F955E2824820}.Debug Update and Pause|Mixed Platforms.ActiveCfg = Debug|Any CPU
		{9B0CE624-6ABA-4722-9D1A-F955E2824820}.Debug Update and Pause|Mixed Platforms.Build.0 = Debug|Any CPU
		{9B0CE624-6ABA-4722-9D1A-F955E2824820}.Debug Update and Pause|Win32.ActiveCfg = Debug|Any CPU
		{9B0CE624-6ABA-4722-9D1A-F955E2824820}.Debug Update and Pause|Win32.Build.0 = Debug|Any CPU
		{9B0CE624-6ABA-4722-9D1A-F955E2824820}.Debug Update and Pause|x64.ActiveCfg = Debug|Any CPU
		{9B0CE624-6ABA-4722-9D1A-F955E2824820}.Debug Update and Pause|x64.Build.0 = Debug|Any CPU
		{9B0CE624-6ABA-4722-9D1A-F955E2824820}.Debug Update and Pause|x86.ActiveCfg = Debug|Any CPU
		{9B0CE624-6ABA-4722-9D1A-F955E2824820}.Debug Update and Pause|x86.Build.0 = Debug|Any CPU
		{9B0CE624-6ABA-4722-9D1A-F955E2824820}.Debug Update|Any CPU.ActiveCfg = Debug|Any CPU
		{9B0CE624-6ABA-4722-9D1A-F955E2824820}.Debug Update|Any CPU.Build.0 = Debug|Any CPU
		{9B0CE624-6ABA-4722-9D1A-F955E2824820}.Debug Update|Mixed Platforms.ActiveCfg = Debug|Any CPU
		{9B0CE624-6ABA-4722-9D1A-F955E2824820}.Debug Update|Mixed Platforms.Build.0 = Debug|Any CPU
		{9B0CE624-6ABA-4722-9D1A-F955E2824820}.Debug Update|Win32.ActiveCfg = Debug|Any CPU
		{9B0CE624-6ABA-4722-9D1A-F955E2824820}.Debug Update|Win32.Build.0 = Debug|Any CPU
		{9B0CE624-6ABA-4722-9D1A-F955E2824820}.Debug Update|x64.ActiveCfg = Debug|Any CPU
		{9B0CE624-6ABA-4722-9D1A-F955E2824820}.Debug Update|x64.Build.0 = Debug|Any CPU
		{9B0CE624-6ABA-4722-9D1A-F955E2824820}.Debug Update|x86.ActiveCfg = Debug|Any CPU
		{9B0CE624-6ABA-4722-9D1A-F955E2824820}.Debug Update|x86.Build.0 = Debug|Any CPU
		{9B0CE624-6ABA-4722-9D1A-F955E2824820}.Debug|Any CPU.ActiveCfg = Debug|Any CPU
		{9B0CE624-6ABA-4722-9D1A-F955E2824820}.Debug|Any CPU.Build.0 = Debug|Any CPU
		{9B0CE624-6ABA-4722-9D1A-F955E2824820}.Debug|Mixed Platforms.ActiveCfg = Debug|Any CPU
		{9B0CE624-6ABA-4722-9D1A-F955E2824820}.Debug|Mixed Platforms.Build.0 = Debug|Any CPU
		{9B0CE624-6ABA-4722-9D1A-F955E2824820}.Debug|Win32.ActiveCfg = Debug|Any CPU
		{9B0CE624-6ABA-4722-9D1A-F955E2824820}.Debug|Win32.Build.0 = Debug|Any CPU
		{9B0CE624-6ABA-4722-9D1A-F955E2824820}.Debug|x64.ActiveCfg = Debug|Any CPU
		{9B0CE624-6ABA-4722-9D1A-F955E2824820}.Debug|x64.Build.0 = Debug|Any CPU
		{9B0CE624-6ABA-4722-9D1A-F955E2824820}.Debug|x86.ActiveCfg = Debug|Any CPU
		{9B0CE624-6ABA-4722-9D1A-F955E2824820}.Debug|x86.Build.0 = Debug|Any CPU
		{9B0CE624-6ABA-4722-9D1A-F955E2824820}.DebugAutoURL|Any CPU.ActiveCfg = Debug|Any CPU
		{9B0CE624-6ABA-4722-9D1A-F955E2824820}.DebugAutoURL|Any CPU.Build.0 = Debug|Any CPU
		{9B0CE624-6ABA-4722-9D1A-F955E2824820}.DebugAutoURL|Mixed Platforms.ActiveCfg = Debug|Any CPU
		{9B0CE624-6ABA-4722-9D1A-F955E2824820}.DebugAutoURL|Mixed Platforms.Build.0 = Debug|Any CPU
		{9B0CE624-6ABA-4722-9D1A-F955E2824820}.DebugAutoURL|Win32.ActiveCfg = Debug|Any CPU
		{9B0CE624-6ABA-4722-9D1A-F955E2824820}.DebugAutoURL|Win32.Build.0 = Debug|Any CPU
		{9B0CE624-6ABA-4722-9D1A-F955E2824820}.DebugAutoURL|x64.ActiveCfg = Debug|Any CPU
		{9B0CE624-6ABA-4722-9D1A-F955E2824820}.DebugAutoURL|x64.Build.0 = Debug|Any CPU
		{9B0CE624-6ABA-4722-9D1A-F955E2824820}.DebugAutoURL|x86.ActiveCfg = Debug|Any CPU
		{9B0CE624-6ABA-4722-9D1A-F955E2824820}.DebugAutoURL|x86.Build.0 = Debug|Any CPU
		{9B0CE624-6ABA-4722-9D1A-F955E2824820}.DebugPauseOnStart|Any CPU.ActiveCfg = Debug|Any CPU
		{9B0CE624-6ABA-4722-9D1A-F955E2824820}.DebugPauseOnStart|Any CPU.Build.0 = Debug|Any CPU
		{9B0CE624-6ABA-4722-9D1A-F955E2824820}.DebugPauseOnStart|Mixed Platforms.ActiveCfg = Debug|Any CPU
		{9B0CE624-6ABA-4722-9D1A-F955E2824820}.DebugPauseOnStart|Mixed Platforms.Build.0 = Debug|Any CPU
		{9B0CE624-6ABA-4722-9D1A-F955E2824820}.DebugPauseOnStart|Win32.ActiveCfg = Debug|Any CPU
		{9B0CE624-6ABA-4722-9D1A-F955E2824820}.DebugPauseOnStart|Win32.Build.0 = Debug|Any CPU
		{9B0CE624-6ABA-4722-9D1A-F955E2824820}.DebugPauseOnStart|x64.ActiveCfg = Debug|Any CPU
		{9B0CE624-6ABA-4722-9D1A-F955E2824820}.DebugPauseOnStart|x64.Build.0 = Debug|Any CPU
		{9B0CE624-6ABA-4722-9D1A-F955E2824820}.DebugPauseOnStart|x86.ActiveCfg = Debug|Any CPU
		{9B0CE624-6ABA-4722-9D1A-F955E2824820}.DebugPauseOnStart|x86.Build.0 = Debug|Any CPU
		{9B0CE624-6ABA-4722-9D1A-F955E2824820}.DebugShortURL|Any CPU.ActiveCfg = Debug|Any CPU
		{9B0CE624-6ABA-4722-9D1A-F955E2824820}.DebugShortURL|Any CPU.Build.0 = Debug|Any CPU
		{9B0CE624-6ABA-4722-9D1A-F955E2824820}.DebugShortURL|Mixed Platforms.ActiveCfg = Debug|Any CPU
		{9B0CE624-6ABA-4722-9D1A-F955E2824820}.DebugShortURL|Mixed Platforms.Build.0 = Debug|Any CPU
		{9B0CE624-6ABA-4722-9D1A-F955E2824820}.DebugShortURL|Win32.ActiveCfg = Debug|Any CPU
		{9B0CE624-6ABA-4722-9D1A-F955E2824820}.DebugShortURL|Win32.Build.0 = Debug|Any CPU
		{9B0CE624-6ABA-4722-9D1A-F955E2824820}.DebugShortURL|x64.ActiveCfg = Debug|Any CPU
		{9B0CE624-6ABA-4722-9D1A-F955E2824820}.DebugShortURL|x64.Build.0 = Debug|Any CPU
		{9B0CE624-6ABA-4722-9D1A-F955E2824820}.DebugShortURL|x86.ActiveCfg = Debug|Any CPU
		{9B0CE624-6ABA-4722-9D1A-F955E2824820}.DebugShortURL|x86.Build.0 = Debug|Any CPU
		{9B0CE624-6ABA-4722-9D1A-F955E2824820}.Release|Any CPU.ActiveCfg = Release|Any CPU
		{9B0CE624-6ABA-4722-9D1A-F955E2824820}.Release|Any CPU.Build.0 = Release|Any CPU
		{9B0CE624-6ABA-4722-9D1A-F955E2824820}.Release|Mixed Platforms.ActiveCfg = Release|Any CPU
		{9B0CE624-6ABA-4722-9D1A-F955E2824820}.Release|Mixed Platforms.Build.0 = Release|Any CPU
		{9B0CE624-6ABA-4722-9D1A-F955E2824820}.Release|Win32.ActiveCfg = Release|Any CPU
		{9B0CE624-6ABA-4722-9D1A-F955E2824820}.Release|Win32.Build.0 = Release|Any CPU
		{9B0CE624-6ABA-4722-9D1A-F955E2824820}.Release|x64.ActiveCfg = Release|Any CPU
		{9B0CE624-6ABA-4722-9D1A-F955E2824820}.Release|x64.Build.0 = Release|Any CPU
		{9B0CE624-6ABA-4722-9D1A-F955E2824820}.Release|x86.ActiveCfg = Release|Any CPU
		{9B0CE624-6ABA-4722-9D1A-F955E2824820}.Release|x86.Build.0 = Release|Any CPU
		{9B0CE624-6ABA-4722-9D1A-F955E2824820}.ReleaseSigned|Any CPU.ActiveCfg = Release|Any CPU
		{9B0CE624-6ABA-4722-9D1A-F955E2824820}.ReleaseSigned|Any CPU.Build.0 = Release|Any CPU
		{9B0CE624-6ABA-4722-9D1A-F955E2824820}.ReleaseSigned|Mixed Platforms.ActiveCfg = Release|Any CPU
		{9B0CE624-6ABA-4722-9D1A-F955E2824820}.ReleaseSigned|Mixed Platforms.Build.0 = Release|Any CPU
		{9B0CE624-6ABA-4722-9D1A-F955E2824820}.ReleaseSigned|Win32.ActiveCfg = Release|Any CPU
		{9B0CE624-6ABA-4722-9D1A-F955E2824820}.ReleaseSigned|Win32.Build.0 = Release|Any CPU
		{9B0CE624-6ABA-4722-9D1A-F955E2824820}.ReleaseSigned|x64.ActiveCfg = Release|Any CPU
		{9B0CE624-6ABA-4722-9D1A-F955E2824820}.ReleaseSigned|x64.Build.0 = Release|Any CPU
		{9B0CE624-6ABA-4722-9D1A-F955E2824820}.ReleaseSigned|x86.ActiveCfg = Release|Any CPU
		{9B0CE624-6ABA-4722-9D1A-F955E2824820}.ReleaseSigned|x86.Build.0 = Release|Any CPU
		{9B0CE624-6ABA-4722-9D1A-F955E2824820}.ReleaseUnsigned|Any CPU.ActiveCfg = Release|Any CPU
		{9B0CE624-6ABA-4722-9D1A-F955E2824820}.ReleaseUnsigned|Any CPU.Build.0 = Release|Any CPU
		{9B0CE624-6ABA-4722-9D1A-F955E2824820}.ReleaseUnsigned|Mixed Platforms.ActiveCfg = Release|Any CPU
		{9B0CE624-6ABA-4722-9D1A-F955E2824820}.ReleaseUnsigned|Mixed Platforms.Build.0 = Release|Any CPU
		{9B0CE624-6ABA-4722-9D1A-F955E2824820}.ReleaseUnsigned|Win32.ActiveCfg = Release|Any CPU
		{9B0CE624-6ABA-4722-9D1A-F955E2824820}.ReleaseUnsigned|Win32.Build.0 = Release|Any CPU
		{9B0CE624-6ABA-4722-9D1A-F955E2824820}.ReleaseUnsigned|x64.ActiveCfg = Release|Any CPU
		{9B0CE624-6ABA-4722-9D1A-F955E2824820}.ReleaseUnsigned|x64.Build.0 = Release|Any CPU
		{9B0CE624-6ABA-4722-9D1A-F955E2824820}.ReleaseUnsigned|x86.ActiveCfg = Release|Any CPU
		{9B0CE624-6ABA-4722-9D1A-F955E2824820}.ReleaseUnsigned|x86.Build.0 = Release|Any CPU
	EndGlobalSection
	GlobalSection(SolutionProperties) = preSolution
		HideSolutionNode = FALSE
	EndGlobalSection
EndGlobal
