Microsoft Visual Studio Solution File, Format Version 11.00
# Visual Studio 2010
Project("{F184B08F-C81C-45F6-A57F-5ABD9991F28F}") = "Browser Chooser 2", "Browser Chooser 2\Browser Chooser 2.vbproj", "{3341F249-CACD-4E69-B4FC-B5F393359382}"
EndProject
Global
	GlobalSection(SolutionConfigurationPlatforms) = preSolution
		BuildDetectionFile|Any CPU = BuildDetectionFile|Any CPU
		BuildDetectionFile|Mixed Platforms = BuildDetectionFile|Mixed Platforms
		BuildDetectionFile|Win32 = BuildDetectionFile|Win32
		BuildDetectionFile|x64 = BuildDetectionFile|x64
		BuildDetectionFile|x86 = BuildDetectionFile|x86
		Debug Admin|Any CPU = Debug Admin|Any CPU
		Debug Admin|Mixed Platforms = Debug Admin|Mixed Platforms
		Debug Admin|Win32 = Debug Admin|Win32
		Debug Admin|x64 = Debug Admin|x64
		Debug Admin|x86 = Debug Admin|x86
		Debug Local Detection File|Any CPU = Debug Local Detection File|Any CPU
		Debug Local Detection File|Mixed Platforms = Debug Local Detection File|Mixed Platforms
		Debug Local Detection File|Win32 = Debug Local Detection File|Win32
		Debug Local Detection File|x64 = Debug Local Detection File|x64
		Debug Local Detection File|x86 = Debug Local Detection File|x86
		Debug Update and Pause|Any CPU = Debug Update and Pause|Any CPU
		Debug Update and Pause|Mixed Platforms = Debug Update and Pause|Mixed Platforms
		Debug Update and Pause|Win32 = Debug Update and Pause|Win32
		Debug Update and Pause|x64 = Debug Update and Pause|x64
		Debug Update and Pause|x86 = Debug Update and Pause|x86
		Debug Update|Any CPU = Debug Update|Any CPU
		Debug Update|Mixed Platforms = Debug Update|Mixed Platforms
		Debug Update|Win32 = Debug Update|Win32
		Debug Update|x64 = Debug Update|x64
		Debug Update|x86 = Debug Update|x86
		Debug|Any CPU = Debug|Any CPU
		Debug|Mixed Platforms = Debug|Mixed Platforms
		Debug|Win32 = Debug|Win32
		Debug|x64 = Debug|x64
		Debug|x86 = Debug|x86
		DebugAutoURL|Any CPU = DebugAutoURL|Any CPU
		DebugAutoURL|Mixed Platforms = DebugAutoURL|Mixed Platforms
		DebugAutoURL|Win32 = DebugAutoURL|Win32
		DebugAutoURL|x64 = DebugAutoURL|x64
		DebugAutoURL|x86 = DebugAutoURL|x86
		DebugPauseOnStart|Any CPU = DebugPauseOnStart|Any CPU
		DebugPauseOnStart|Mixed Platforms = DebugPauseOnStart|Mixed Platforms
		DebugPauseOnStart|Win32 = DebugPauseOnStart|Win32
		DebugPauseOnStart|x64 = DebugPauseOnStart|x64
		DebugPauseOnStart|x86 = DebugPauseOnStart|x86
		DebugShortURL|Any CPU = DebugShortURL|Any CPU
		DebugShortURL|Mixed Platforms = DebugShortURL|Mixed Platforms
		DebugShortURL|Win32 = DebugShortURL|Win32
		DebugShortURL|x64 = DebugShortURL|x64
		DebugShortURL|x86 = DebugShortURL|x86
		Release|Any CPU = Release|Any CPU
		Release|Mixed Platforms = Release|Mixed Platforms
		Release|Win32 = Release|Win32
		Release|x64 = Release|x64
		Release|x86 = Release|x86
		ReleaseSigned|Any CPU = ReleaseSigned|Any CPU
		ReleaseSigned|Mixed Platforms = ReleaseSigned|Mixed Platforms
		ReleaseSigned|Win32 = ReleaseSigned|Win32
		ReleaseSigned|x64 = ReleaseSigned|x64
		ReleaseSigned|x86 = ReleaseSigned|x86
		ReleaseUnsigned|Any CPU = ReleaseUnsigned|Any CPU
		ReleaseUnsigned|Mixed Platforms = ReleaseUnsigned|Mixed Platforms
		ReleaseUnsigned|Win32 = ReleaseUnsigned|Win32
		ReleaseUnsigned|x64 = ReleaseUnsigned|x64
		ReleaseUnsigned|x86 = ReleaseUnsigned|x86
	EndGlobalSection
	GlobalSection(ProjectConfigurationPlatforms) = postSolution
		{3341F249-CACD-4E69-B4FC-B5F393359382}.BuildDetectionFile|Any CPU.ActiveCfg = BuildDetectionFile|Any CPU
		{3341F249-CACD-4E69-B4FC-B5F393359382}.BuildDetectionFile|Any CPU.Build.0 = BuildDetectionFile|Any CPU
		{3341F249-CACD-4E69-B4FC-B5F393359382}.BuildDetectionFile|Mixed Platforms.ActiveCfg = BuildDetectionFile|x64
		{3341F249-CACD-4E69-B4FC-B5F393359382}.BuildDetectionFile|Mixed Platforms.Build.0 = BuildDetectionFile|x64
		{3341F249-CACD-4E69-B4FC-B5F393359382}.BuildDetectionFile|Win32.ActiveCfg = BuildDetectionFile|x64
		{3341F249-CACD-4E69-B4FC-B5F393359382}.BuildDetectionFile|x64.ActiveCfg = BuildDetectionFile|x64
		{3341F249-CACD-4E69-B4FC-B5F393359382}.BuildDetectionFile|x64.Build.0 = BuildDetectionFile|x64
		{3341F249-CACD-4E69-B4FC-B5F393359382}.BuildDetectionFile|x86.ActiveCfg = BuildDetectionFile|x64
		{3341F249-CACD-4E69-B4FC-B5F393359382}.Debug Admin|Any CPU.ActiveCfg = Debug Admin|Any CPU
		{3341F249-CACD-4E69-B4FC-B5F393359382}.Debug Admin|Any CPU.Build.0 = Debug Admin|Any CPU
		{3341F249-CACD-4E69-B4FC-B5F393359382}.Debug Admin|Mixed Platforms.ActiveCfg = Debug Admin|Any CPU
		{3341F249-CACD-4E69-B4FC-B5F393359382}.Debug Admin|Mixed Platforms.Build.0 = Debug Admin|Any CPU
		{3341F249-CACD-4E69-B4FC-B5F393359382}.Debug Admin|Win32.ActiveCfg = Debug Admin|x64
		{3341F249-CACD-4E69-B4FC-B5F393359382}.Debug Admin|x64.ActiveCfg = Debug Admin|x64
		{3341F249-CACD-4E69-B4FC-B5F393359382}.Debug Admin|x64.Build.0 = Debug Admin|x64
		{3341F249-CACD-4E69-B4FC-B5F393359382}.Debug Admin|x86.ActiveCfg = Debug Admin|Any CPU
		{3341F249-CACD-4E69-B4FC-B5F393359382}.Debug Admin|x86.Build.0 = Debug Admin|Any CPU
		{3341F249-CACD-4E69-B4FC-B5F393359382}.Debug Local Detection File|Any CPU.ActiveCfg = Debug Local Detection File|Any CPU
		{3341F249-CACD-4E69-B4FC-B5F393359382}.Debug Local Detection File|Any CPU.Build.0 = Debug Local Detection File|Any CPU
		{3341F249-CACD-4E69-B4FC-B5F393359382}.Debug Local Detection File|Mixed Platforms.ActiveCfg = Debug Local Detection File|x64
		{3341F249-CACD-4E69-B4FC-B5F393359382}.Debug Local Detection File|Mixed Platforms.Build.0 = Debug Local Detection File|x64
		{3341F249-CACD-4E69-B4FC-B5F393359382}.Debug Local Detection File|Win32.ActiveCfg = Debug Local Detection File|x64
		{3341F249-CACD-4E69-B4FC-B5F393359382}.Debug Local Detection File|x64.ActiveCfg = Debug Local Detection File|x64
		{3341F249-CACD-4E69-B4FC-B5F393359382}.Debug Local Detection File|x64.Build.0 = Debug Local Detection File|x64
		{3341F249-CACD-4E69-B4FC-B5F393359382}.Debug Local Detection File|x86.ActiveCfg = Debug Local Detection File|x64
		{3341F249-CACD-4E69-B4FC-B5F393359382}.Debug Update and Pause|Any CPU.ActiveCfg = Debug Update and Pause|Any CPU
		{3341F249-CACD-4E69-B4FC-B5F393359382}.Debug Update and Pause|Any CPU.Build.0 = Debug Update and Pause|Any CPU
		{3341F249-CACD-4E69-B4FC-B5F393359382}.Debug Update and Pause|Mixed Platforms.ActiveCfg = Debug Update and Pause|x64
		{3341F249-CACD-4E69-B4FC-B5F393359382}.Debug Update and Pause|Mixed Platforms.Build.0 = Debug Update and Pause|x64
		{3341F249-CACD-4E69-B4FC-B5F393359382}.Debug Update and Pause|Win32.ActiveCfg = Debug Update and Pause|x64
		{3341F249-CACD-4E69-B4FC-B5F393359382}.Debug Update and Pause|x64.ActiveCfg = Debug Update and Pause|x64
		{3341F249-CACD-4E69-B4FC-B5F393359382}.Debug Update and Pause|x64.Build.0 = Debug Update and Pause|x64
		{3341F249-CACD-4E69-B4FC-B5F393359382}.Debug Update and Pause|x86.ActiveCfg = Debug Update and Pause|x64
		{3341F249-CACD-4E69-B4FC-B5F393359382}.Debug Update|Any CPU.ActiveCfg = Debug Update|Any CPU
		{3341F249-CACD-4E69-B4FC-B5F393359382}.Debug Update|Any CPU.Build.0 = Debug Update|Any CPU
		{3341F249-CACD-4E69-B4FC-B5F393359382}.Debug Update|Mixed Platforms.ActiveCfg = Debug Update|Any CPU
		{3341F249-CACD-4E69-B4FC-B5F393359382}.Debug Update|Mixed Platforms.Build.0 = Debug Update|Any CPU
		{3341F249-CACD-4E69-B4FC-B5F393359382}.Debug Update|Win32.ActiveCfg = Debug Update|x64
		{3341F249-CACD-4E69-B4FC-B5F393359382}.Debug Update|x64.ActiveCfg = Debug Update|x64
		{3341F249-CACD-4E69-B4FC-B5F393359382}.Debug Update|x64.Build.0 = Debug Update|x64
		{3341F249-CACD-4E69-B4FC-B5F393359382}.Debug Update|x86.ActiveCfg = Debug Update|x64
		{3341F249-CACD-4E69-B4FC-B5F393359382}.Debug|Any CPU.ActiveCfg = Debug|Any CPU
		{3341F249-CACD-4E69-B4FC-B5F393359382}.Debug|Any CPU.Build.0 = Debug|Any CPU
		{3341F249-CACD-4E69-B4FC-B5F393359382}.Debug|Mixed Platforms.ActiveCfg = Debug|Any CPU
		{3341F249-CACD-4E69-B4FC-B5F393359382}.Debug|Mixed Platforms.Build.0 = Debug|Any CPU
		{3341F249-CACD-4E69-B4FC-B5F393359382}.Debug|Win32.ActiveCfg = Debug|Any CPU
		{3341F249-CACD-4E69-B4FC-B5F393359382}.Debug|x64.ActiveCfg = Debug|Any CPU
		{3341F249-CACD-4E69-B4FC-B5F393359382}.Debug|x64.Build.0 = Debug|Any CPU
		{3341F249-CACD-4E69-B4FC-B5F393359382}.Debug|x86.ActiveCfg = Debug|x64
		{3341F249-CACD-4E69-B4FC-B5F393359382}.DebugAutoURL|Any CPU.ActiveCfg = DebugAutoURL|Any CPU
		{3341F249-CACD-4E69-B4FC-B5F393359382}.DebugAutoURL|Any CPU.Build.0 = DebugAutoURL|Any CPU
		{3341F249-CACD-4E69-B4FC-B5F393359382}.DebugAutoURL|Mixed Platforms.ActiveCfg = DebugAutoURL|x64
		{3341F249-CACD-4E69-B4FC-B5F393359382}.DebugAutoURL|Mixed Platforms.Build.0 = DebugAutoURL|x64
		{3341F249-CACD-4E69-B4FC-B5F393359382}.DebugAutoURL|Win32.ActiveCfg = DebugAutoURL|x64
		{3341F249-CACD-4E69-B4FC-B5F393359382}.DebugAutoURL|x64.ActiveCfg = DebugAutoURL|x64
		{3341F249-CACD-4E69-B4FC-B5F393359382}.DebugAutoURL|x64.Build.0 = DebugAutoURL|x64
		{3341F249-CACD-4E69-B4FC-B5F393359382}.DebugAutoURL|x86.ActiveCfg = DebugAutoURL|x64
		{3341F249-CACD-4E69-B4FC-B5F393359382}.DebugPauseOnStart|Any CPU.ActiveCfg = DebugPauseOnStart|Any CPU
		{3341F249-CACD-4E69-B4FC-B5F393359382}.DebugPauseOnStart|Any CPU.Build.0 = DebugPauseOnStart|Any CPU
		{3341F249-CACD-4E69-B4FC-B5F393359382}.DebugPauseOnStart|Mixed Platforms.ActiveCfg = DebugPauseOnStart|Any CPU
		{3341F249-CACD-4E69-B4FC-B5F393359382}.DebugPauseOnStart|Mixed Platforms.Build.0 = DebugPauseOnStart|Any CPU
		{3341F249-CACD-4E69-B4FC-B5F393359382}.DebugPauseOnStart|Win32.ActiveCfg = DebugPauseOnStart|x64
		{3341F249-CACD-4E69-B4FC-B5F393359382}.DebugPauseOnStart|x64.ActiveCfg = DebugPauseOnStart|x64
		{3341F249-CACD-4E69-B4FC-B5F393359382}.DebugPauseOnStart|x64.Build.0 = DebugPauseOnStart|x64
		{3341F249-CACD-4E69-B4FC-B5F393359382}.DebugPauseOnStart|x86.ActiveCfg = DebugPauseOnStart|x64
		{3341F249-CACD-4E69-B4FC-B5F393359382}.DebugShortURL|Any CPU.ActiveCfg = DebugShortURL|Any CPU
		{3341F249-CACD-4E69-B4FC-B5F393359382}.DebugShortURL|Any CPU.Build.0 = DebugShortURL|Any CPU
		{3341F249-CACD-4E69-B4FC-B5F393359382}.DebugShortURL|Mixed Platforms.ActiveCfg = DebugShortURL|Any CPU
		{3341F249-CACD-4E69-B4FC-B5F393359382}.DebugShortURL|Mixed Platforms.Build.0 = DebugShortURL|Any CPU
		{3341F249-CACD-4E69-B4FC-B5F393359382}.DebugShortURL|Win32.ActiveCfg = DebugShortURL|x64
		{3341F249-CACD-4E69-B4FC-B5F393359382}.DebugShortURL|x64.ActiveCfg = DebugShortURL|x64
		{3341F249-CACD-4E69-B4FC-B5F393359382}.DebugShortURL|x64.Build.0 = DebugShortURL|x64
		{3341F249-CACD-4E69-B4FC-B5F393359382}.DebugShortURL|x86.ActiveCfg = DebugShortURL|x64
		{3341F249-CACD-4E69-B4FC-B5F393359382}.Release|Any CPU.ActiveCfg = Release|Any CPU
		{3341F249-CACD-4E69-B4FC-B5F393359382}.Release|Any CPU.Build.0 = Release|Any CPU
		{3341F249-CACD-4E69-B4FC-B5F393359382}.Release|Mixed Platforms.ActiveCfg = Release|Any CPU
		{3341F249-CACD-4E69-B4FC-B5F393359382}.Release|Mixed Platforms.Build.0 = Release|Any CPU
		{3341F249-CACD-4E69-B4FC-B5F393359382}.Release|Win32.ActiveCfg = Release|Any CPU
		{3341F249-CACD-4E69-B4FC-B5F393359382}.Release|x64.ActiveCfg = Release|x64
		{3341F249-CACD-4E69-B4FC-B5F393359382}.Release|x64.Build.0 = Release|x64
		{3341F249-CACD-4E69-B4FC-B5F393359382}.Release|x86.ActiveCfg = Release|x64
		{3341F249-CACD-4E69-B4FC-B5F393359382}.ReleaseSigned|Any CPU.ActiveCfg = Release|Any CPU
		{3341F249-CACD-4E69-B4FC-B5F393359382}.ReleaseSigned|Any CPU.Build.0 = Release|Any CPU
		{3341F249-CACD-4E69-B4FC-B5F393359382}.ReleaseSigned|Mixed Platforms.ActiveCfg = Release|Any CPU
		{3341F249-CACD-4E69-B4FC-B5F393359382}.ReleaseSigned|Mixed Platforms.Build.0 = Release|Any CPU
		{3341F249-CACD-4E69-B4FC-B5F393359382}.ReleaseSigned|Win32.ActiveCfg = Release|Any CPU
		{3341F249-CACD-4E69-B4FC-B5F393359382}.ReleaseSigned|x64.ActiveCfg = Release|x64
		{3341F249-CACD-4E69-B4FC-B5F393359382}.ReleaseSigned|x64.Build.0 = Release|x64
		{3341F249-CACD-4E69-B4FC-B5F393359382}.ReleaseSigned|x86.ActiveCfg = Release|x64
		{3341F249-CACD-4E69-B4FC-B5F393359382}.ReleaseUnsigned|Any CPU.ActiveCfg = Release|Any CPU
		{3341F249-CACD-4E69-B4FC-B5F393359382}.ReleaseUnsigned|Any CPU.Build.0 = Release|Any CPU
		{3341F249-CACD-4E69-B4FC-B5F393359382}.ReleaseUnsigned|Mixed Platforms.ActiveCfg = Release|Any CPU
		{3341F249-CACD-4E69-B4FC-B5F393359382}.ReleaseUnsigned|Mixed Platforms.Build.0 = Release|Any CPU
		{3341F249-CACD-4E69-B4FC-B5F393359382}.ReleaseUnsigned|Win32.ActiveCfg = Release|Any CPU
		{3341F249-CACD-4E69-B4FC-B5F393359382}.ReleaseUnsigned|x64.ActiveCfg = Release|x64
		{3341F249-CACD-4E69-B4FC-B5F393359382}.ReleaseUnsigned|x64.Build.0 = Release|x64
		{3341F249-CACD-4E69-B4FC-B5F393359382}.ReleaseUnsigned|x86.ActiveCfg = Release|x64
	EndGlobalSection
	GlobalSection(SolutionProperties) = preSolution
		HideSolutionNode = FALSE
	EndGlobalSection
EndGlobal
